
Microsoft Visual Studio Solution File, Format Version 12.00
# Visual Studio Version 17
VisualStudioVersion = 17.14.36408.4 d17.14
MinimumVisualStudioVersion = 10.0.40219.1
Project("{FAE04EC0-301F-11D3-BF4B-00C04F79EFBC}") = "GameProg_HighScore_ZanderG", "GameProg_HighScore_ZanderG\GameProg_HighScore_ZanderG.csproj", "{0E651CE2-CDC8-4C5F-995D-3DBB912784F0}"
EndProject
Global
	GlobalSection(SolutionConfigurationPlatforms) = preSolution
		Debug|Any CPU = Debug|Any CPU
		Release|Any CPU = Release|Any CPU
	EndGlobalSection
	GlobalSection(ProjectConfigurationPlatforms) = postSolution
		{0E651CE2-CDC8-4C5F-995D-3DBB912784F0}.Debug|Any CPU.ActiveCfg = Debug|Any CPU
		{0E651CE2-CDC8-4C5F-995D-3DBB912784F0}.Debug|Any CPU.Build.0 = Debug|Any CPU
		{0E651CE2-CDC8-4C5F-995D-3DBB912784F0}.Release|Any CPU.ActiveCfg = Release|Any CPU
		{0E651CE2-CDC8-4C5F-995D-3DBB912784F0}.Release|Any CPU.Build.0 = Release|Any CPU
	EndGlobalSection
	GlobalSection(SolutionProperties) = preSolution
		HideSolutionNode = FALSE
	EndGlobalSection
	GlobalSection(ExtensibilityGlobals) = postSolution
		SolutionGuid = {439539A1-24DF-47C0-BC42-89E0E5102EB8}
	EndGlobalSection
EndGlobal
